{
    "version": 3,
    "terraform_version": "0.10.6",
    "serial": 2,
    "lineage": "b9159207-da2c-4e98-910d-877619982f1f",
    "modules": [
        {
            "path": [
                "root"
            ],
            "outputs": {},
            "resources": {
                "aws_instance.web": {
                    "type": "aws_instance",
                    "depends_on": [],
                    "primary": {
                        "id": "i-0411b998dfd5f4de1",
                        "attributes": {
                            "ami": "ami-58d37322",
                            "associate_public_ip_address": "true",
                            "availability_zone": "us-east-1b",
                            "disable_api_termination": "false",
                            "ebs_block_device.#": "0",
                            "ebs_optimized": "false",
                            "ephemeral_block_device.#": "0",
                            "iam_instance_profile": "",
                            "id": "i-0411b998dfd5f4de1",
                            "instance_state": "running",
                            "instance_type": "t2.micro",
                            "ipv6_addresses.#": "0",
                            "key_name": "dthornton",
                            "monitoring": "false",
                            "network_interface.#": "0",
                            "network_interface_id": "eni-42fd57cf",
                            "primary_network_interface_id": "eni-42fd57cf",
                            "private_dns": "ip-172-31-52-53.ec2.internal",
                            "private_ip": "172.31.52.53",
                            "public_dns": "ec2-54-167-160-222.compute-1.amazonaws.com",
                            "public_ip": "54.167.160.222",
                            "root_block_device.#": "1",
                            "root_block_device.0.delete_on_termination": "true",
                            "root_block_device.0.iops": "100",
                            "root_block_device.0.volume_size": "8",
                            "root_block_device.0.volume_type": "gp2",
                            "security_groups.#": "1",
                            "security_groups.3814588639": "default",
                            "source_dest_check": "true",
                            "subnet_id": "subnet-2f4b6604",
                            "tags.%": "1",
                            "tags.Name": "opseng-challenge-dev",
                            "tenancy": "default",
                            "volume_tags.%": "0",
                            "vpc_security_group_ids.#": "0"
                        },
                        "meta": {
                            "e2bfb730-ecaa-11e6-8f88-34363bc7c4c0": {
                                "create": 600000000000,
                                "delete": 600000000000,
                                "update": 600000000000
                            },
                            "schema_version": "1"
                        },
                        "tainted": false
                    },
                    "deposed": [],
                    "provider": ""
                },
                "aws_vpc.main": {
                    "type": "aws_vpc",
                    "depends_on": [],
                    "primary": {
                        "id": "vpc-4cee4f34",
                        "attributes": {
                            "assign_generated_ipv6_cidr_block": "false",
                            "cidr_block": "10.0.0.0/16",
                            "default_network_acl_id": "acl-2be8b253",
                            "default_route_table_id": "rtb-11a7dd6b",
                            "default_security_group_id": "sg-d73267a5",
                            "dhcp_options_id": "dopt-7fe61d1a",
                            "enable_classiclink": "false",
                            "enable_classiclink_dns_support": "false",
                            "enable_dns_hostnames": "false",
                            "enable_dns_support": "true",
                            "id": "vpc-4cee4f34",
                            "instance_tenancy": "default",
                            "main_route_table_id": "rtb-11a7dd6b",
                            "tags.%": "0"
                        },
                        "meta": {
                            "schema_version": "1"
                        },
                        "tainted": false
                    },
                    "deposed": [],
                    "provider": ""
                }
            },
            "depends_on": []
        }
    ]
}
